
Microsoft Visual Studio Solution File, Format Version 12.00
# Visual Studio Version 16
VisualStudioVersion = 16.0.29215.179
MinimumVisualStudioVersion = 10.0.40219.1
Project("{FAE04EC0-301F-11D3-BF4B-00C04F79EFBC}") = "Memberships", "Memberships\Memberships.csproj", "{5963C8B2-065C-4AAA-9AC1-0644B5F5DEF5}"
EndProject
Global
	GlobalSection(SolutionConfigurationPlatforms) = preSolution
		Debug|Any CPU = Debug|Any CPU
		Release|Any CPU = Release|Any CPU
	EndGlobalSection
	GlobalSection(ProjectConfigurationPlatforms) = postSolution
		{5963C8B2-065C-4AAA-9AC1-0644B5F5DEF5}.Debug|Any CPU.ActiveCfg = Debug|Any CPU
		{5963C8B2-065C-4AAA-9AC1-0644B5F5DEF5}.Debug|Any CPU.Build.0 = Debug|Any CPU
		{5963C8B2-065C-4AAA-9AC1-0644B5F5DEF5}.Release|Any CPU.ActiveCfg = Release|Any CPU
		{5963C8B2-065C-4AAA-9AC1-0644B5F5DEF5}.Release|Any CPU.Build.0 = Release|Any CPU
	EndGlobalSection
	GlobalSection(SolutionProperties) = preSolution
		HideSolutionNode = FALSE
	EndGlobalSection
	GlobalSection(ExtensibilityGlobals) = postSolution
		SolutionGuid = {4C9B61EB-10AA-49F2-9882-C3CF408BA4ED}
	EndGlobalSection
EndGlobal
